// !$*UTF8*$!
{
	archiveVersion = 1;
	classes = {
	};
	objectVersion = 50;
	objects = {

/* Begin PBXBuildFile section */
		3731516526BEE52800860AA6 /* Ville.swift in Sources */ = {isa = PBXBuildFile; fileRef = 3731516426BEE52800860AA6 /* Ville.swift */; };
		3731516726BEEA6E00860AA6 /* VilleVueModel.swift in Sources */ = {isa = PBXBuildFile; fileRef = 3731516626BEEA6E00860AA6 /* VilleVueModel.swift */; };
		3749632626E55F8700B8F8DF /* ControleurSafari.swift in Sources */ = {isa = PBXBuildFile; fileRef = 3749632526E55F8700B8F8DF /* ControleurSafari.swift */; };
		3749632826E560E900B8F8DF /* VuePopup.swift in Sources */ = {isa = PBXBuildFile; fileRef = 3749632726E560E900B8F8DF /* VuePopup.swift */; };
		3749D2EA26F12774007B31DA /* VueCapsule.swift in Sources */ = {isa = PBXBuildFile; fileRef = 3749D2E926F12774007B31DA /* VueCapsule.swift */; };
		3749D2EC26F12988007B31DA /* Aleatoire.swift in Sources */ = {isa = PBXBuildFile; fileRef = 3749D2EB26F12988007B31DA /* Aleatoire.swift */; };
		379E991226D3C77C00468C8C /* AutreLieuSaisieTextField.swift in Sources */ = {isa = PBXBuildFile; fileRef = 379E991126D3C77C00468C8C /* AutreLieuSaisieTextField.swift */; };
		379E991426D3CD5700468C8C /* TitreFormAutreLieuText.swift in Sources */ = {isa = PBXBuildFile; fileRef = 379E991326D3CD5700468C8C /* TitreFormAutreLieuText.swift */; };
		37A6CE2626B5F05D000337CC /* Carte.swift in Sources */ = {isa = PBXBuildFile; fileRef = 37A6CE2526B5F05D000337CC /* Carte.swift */; };
		37AB7BB326B886B1009F1E89 /* Ressources.swift in Sources */ = {isa = PBXBuildFile; fileRef = 37AB7BB226B886B1009F1E89 /* Ressources.swift */; };
		37B119CC26C1B98300ABA031 /* Localizable.strings in Resources */ = {isa = PBXBuildFile; fileRef = 37B119CE26C1B98300ABA031 /* Localizable.strings */; };
		37F7083F26AF486800F38E80 /* PositionUtilisateurApp.swift in Sources */ = {isa = PBXBuildFile; fileRef = 37F7083E26AF486800F38E80 /* PositionUtilisateurApp.swift */; };
		37F7084126AF486800F38E80 /* ContentView.swift in Sources */ = {isa = PBXBuildFile; fileRef = 37F7084026AF486800F38E80 /* ContentView.swift */; };
		37F7084326AF486900F38E80 /* Assets.xcassets in Resources */ = {isa = PBXBuildFile; fileRef = 37F7084226AF486900F38E80 /* Assets.xcassets */; };
		37F7084626AF486900F38E80 /* Preview Assets.xcassets in Resources */ = {isa = PBXBuildFile; fileRef = 37F7084526AF486900F38E80 /* Preview Assets.xcassets */; };
		37F7085226AF4A6000F38E80 /* PositionUtilisateur.swift in Sources */ = {isa = PBXBuildFile; fileRef = 37F7085126AF4A6000F38E80 /* PositionUtilisateur.swift */; };
		37F7085426AF4B8700F38E80 /* PositionUtilisateurVueModel.swift in Sources */ = {isa = PBXBuildFile; fileRef = 37F7085326AF4B8700F38E80 /* PositionUtilisateurVueModel.swift */; };
/* End PBXBuildFile section */

/* Begin PBXFileReference section */
		3731516426BEE52800860AA6 /* Ville.swift */ = {isa = PBXFileReference; lastKnownFileType = sourcecode.swift; path = Ville.swift; sourceTree = "<group>"; };
		3731516626BEEA6E00860AA6 /* VilleVueModel.swift */ = {isa = PBXFileReference; lastKnownFileType = sourcecode.swift; path = VilleVueModel.swift; sourceTree = "<group>"; };
		3749632526E55F8700B8F8DF /* ControleurSafari.swift */ = {isa = PBXFileReference; lastKnownFileType = sourcecode.swift; path = ControleurSafari.swift; sourceTree = "<group>"; };
		3749632726E560E900B8F8DF /* VuePopup.swift */ = {isa = PBXFileReference; lastKnownFileType = sourcecode.swift; path = VuePopup.swift; sourceTree = "<group>"; };
		3749D2E926F12774007B31DA /* VueCapsule.swift */ = {isa = PBXFileReference; lastKnownFileType = sourcecode.swift; path = VueCapsule.swift; sourceTree = "<group>"; };
		3749D2EB26F12988007B31DA /* Aleatoire.swift */ = {isa = PBXFileReference; lastKnownFileType = sourcecode.swift; path = Aleatoire.swift; sourceTree = "<group>"; };
		379E991126D3C77C00468C8C /* AutreLieuSaisieTextField.swift */ = {isa = PBXFileReference; lastKnownFileType = sourcecode.swift; path = AutreLieuSaisieTextField.swift; sourceTree = "<group>"; };
		379E991326D3CD5700468C8C /* TitreFormAutreLieuText.swift */ = {isa = PBXFileReference; lastKnownFileType = sourcecode.swift; path = TitreFormAutreLieuText.swift; sourceTree = "<group>"; };
		37A6CE2526B5F05D000337CC /* Carte.swift */ = {isa = PBXFileReference; lastKnownFileType = sourcecode.swift; path = Carte.swift; sourceTree = "<group>"; };
		37AB7BB226B886B1009F1E89 /* Ressources.swift */ = {isa = PBXFileReference; lastKnownFileType = sourcecode.swift; path = Ressources.swift; sourceTree = "<group>"; };
		37B119CD26C1B98300ABA031 /* en */ = {isa = PBXFileReference; lastKnownFileType = text.plist.strings; name = en; path = en.lproj/Localizable.strings; sourceTree = "<group>"; };
		37B119CF26C1B98E00ABA031 /* fr */ = {isa = PBXFileReference; lastKnownFileType = text.plist.strings; name = fr; path = fr.lproj/Localizable.strings; sourceTree = "<group>"; };
		37F7083B26AF486800F38E80 /* PositionUtilisateur.app */ = {isa = PBXFileReference; explicitFileType = wrapper.application; includeInIndex = 0; path = PositionUtilisateur.app; sourceTree = BUILT_PRODUCTS_DIR; };
		37F7083E26AF486800F38E80 /* PositionUtilisateurApp.swift */ = {isa = PBXFileReference; lastKnownFileType = sourcecode.swift; path = PositionUtilisateurApp.swift; sourceTree = "<group>"; };
		37F7084026AF486800F38E80 /* ContentView.swift */ = {isa = PBXFileReference; lastKnownFileType = sourcecode.swift; path = ContentView.swift; sourceTree = "<group>"; };
		37F7084226AF486900F38E80 /* Assets.xcassets */ = {isa = PBXFileReference; lastKnownFileType = folder.assetcatalog; path = Assets.xcassets; sourceTree = "<group>"; };
		37F7084526AF486900F38E80 /* Preview Assets.xcassets */ = {isa = PBXFileReference; lastKnownFileType = folder.assetcatalog; path = "Preview Assets.xcassets"; sourceTree = "<group>"; };
		37F7084726AF486900F38E80 /* Info.plist */ = {isa = PBXFileReference; lastKnownFileType = text.plist.xml; path = Info.plist; sourceTree = "<group>"; };
		37F7085126AF4A6000F38E80 /* PositionUtilisateur.swift */ = {isa = PBXFileReference; lastKnownFileType = sourcecode.swift; path = PositionUtilisateur.swift; sourceTree = "<group>"; };
		37F7085326AF4B8700F38E80 /* PositionUtilisateurVueModel.swift */ = {isa = PBXFileReference; lastKnownFileType = sourcecode.swift; path = PositionUtilisateurVueModel.swift; sourceTree = "<group>"; };
/* End PBXFileReference section */

/* Begin PBXFrameworksBuildPhase section */
		37F7083826AF486800F38E80 /* Frameworks */ = {
			isa = PBXFrameworksBuildPhase;
			buildActionMask = 2147483647;
			files = (
			);
			runOnlyForDeploymentPostprocessing = 0;
		};
/* End PBXFrameworksBuildPhase section */

/* Begin PBXGroup section */
		37F467B826BB1FD100578BB4 /* Connexion */ = {
			isa = PBXGroup;
			children = (
			);
			path = Connexion;
			sourceTree = "<group>";
		};
		37F7083226AF486800F38E80 = {
			isa = PBXGroup;
			children = (
				37F7083D26AF486800F38E80 /* PositionUtilisateur */,
				37F7083C26AF486800F38E80 /* Products */,
			);
			sourceTree = "<group>";
		};
		37F7083C26AF486800F38E80 /* Products */ = {
			isa = PBXGroup;
			children = (
				37F7083B26AF486800F38E80 /* PositionUtilisateur.app */,
			);
			name = Products;
			sourceTree = "<group>";
		};
		37F7083D26AF486800F38E80 /* PositionUtilisateur */ = {
			isa = PBXGroup;
			children = (
				37F467B826BB1FD100578BB4 /* Connexion */,
				37F7085026AF494500F38E80 /* Ressources */,
				37F7084F26AF490600F38E80 /* ViewModel */,
				37F7084E26AF48F100F38E80 /* View */,
				37F7084D26AF48DF00F38E80 /* Model */,
				37F7083E26AF486800F38E80 /* PositionUtilisateurApp.swift */,
				37F7084226AF486900F38E80 /* Assets.xcassets */,
				37F7084726AF486900F38E80 /* Info.plist */,
				37F7084426AF486900F38E80 /* Preview Content */,
				37B119CE26C1B98300ABA031 /* Localizable.strings */,
			);
			path = PositionUtilisateur;
			sourceTree = "<group>";
		};
		37F7084426AF486900F38E80 /* Preview Content */ = {
			isa = PBXGroup;
			children = (
				37F7084526AF486900F38E80 /* Preview Assets.xcassets */,
			);
			path = "Preview Content";
			sourceTree = "<group>";
		};
		37F7084D26AF48DF00F38E80 /* Model */ = {
			isa = PBXGroup;
			children = (
				37F7085126AF4A6000F38E80 /* PositionUtilisateur.swift */,
				3731516426BEE52800860AA6 /* Ville.swift */,
			);
			path = Model;
			sourceTree = "<group>";
		};
		37F7084E26AF48F100F38E80 /* View */ = {
			isa = PBXGroup;
			children = (
				37F7084026AF486800F38E80 /* ContentView.swift */,
				379E991126D3C77C00468C8C /* AutreLieuSaisieTextField.swift */,
				379E991326D3CD5700468C8C /* TitreFormAutreLieuText.swift */,
				3749D2E926F12774007B31DA /* VueCapsule.swift */,
				37A6CE2526B5F05D000337CC /* Carte.swift */,
				3749632726E560E900B8F8DF /* VuePopup.swift */,
			);
			path = View;
			sourceTree = "<group>";
		};
		37F7084F26AF490600F38E80 /* ViewModel */ = {
			isa = PBXGroup;
			children = (
				37F7085326AF4B8700F38E80 /* PositionUtilisateurVueModel.swift */,
				3731516626BEEA6E00860AA6 /* VilleVueModel.swift */,
				3749D2EB26F12988007B31DA /* Aleatoire.swift */,
				3749632526E55F8700B8F8DF /* ControleurSafari.swift */,
			);
			path = ViewModel;
			sourceTree = "<group>";
		};
		37F7085026AF494500F38E80 /* Ressources */ = {
			isa = PBXGroup;
			children = (
				37AB7BB226B886B1009F1E89 /* Ressources.swift */,
			);
			path = Ressources;
			sourceTree = "<group>";
		};
/* End PBXGroup section */

/* Begin PBXNativeTarget section */
		37F7083A26AF486800F38E80 /* PositionUtilisateur */ = {
			isa = PBXNativeTarget;
			buildConfigurationList = 37F7084A26AF486900F38E80 /* Build configuration list for PBXNativeTarget "PositionUtilisateur" */;
			buildPhases = (
				37F7083726AF486800F38E80 /* Sources */,
				37F7083826AF486800F38E80 /* Frameworks */,
				37F7083926AF486800F38E80 /* Resources */,
			);
			buildRules = (
			);
			dependencies = (
			);
			name = PositionUtilisateur;
			productName = PositionUtilisateur;
			productReference = 37F7083B26AF486800F38E80 /* PositionUtilisateur.app */;
			productType = "com.apple.product-type.application";
		};
/* End PBXNativeTarget section */

/* Begin PBXProject section */
		37F7083326AF486800F38E80 /* Project object */ = {
			isa = PBXProject;
			attributes = {
				LastSwiftUpdateCheck = 1250;
				LastUpgradeCheck = 1250;
				TargetAttributes = {
					37F7083A26AF486800F38E80 = {
						CreatedOnToolsVersion = 12.5.1;
					};
				};
			};
			buildConfigurationList = 37F7083626AF486800F38E80 /* Build configuration list for PBXProject "PositionUtilisateur" */;
			compatibilityVersion = "Xcode 9.3";
			developmentRegion = en;
			hasScannedForEncodings = 0;
			knownRegions = (
				en,
				Base,
				fr,
			);
			mainGroup = 37F7083226AF486800F38E80;
			productRefGroup = 37F7083C26AF486800F38E80 /* Products */;
			projectDirPath = "";
			projectRoot = "";
			targets = (
				37F7083A26AF486800F38E80 /* PositionUtilisateur */,
			);
		};
/* End PBXProject section */

/* Begin PBXResourcesBuildPhase section */
		37F7083926AF486800F38E80 /* Resources */ = {
			isa = PBXResourcesBuildPhase;
			buildActionMask = 2147483647;
			files = (
				37F7084626AF486900F38E80 /* Preview Assets.xcassets in Resources */,
				37B119CC26C1B98300ABA031 /* Localizable.strings in Resources */,
				37F7084326AF486900F38E80 /* Assets.xcassets in Resources */,
			);
			runOnlyForDeploymentPostprocessing = 0;
		};
/* End PBXResourcesBuildPhase section */

/* Begin PBXSourcesBuildPhase section */
		37F7083726AF486800F38E80 /* Sources */ = {
			isa = PBXSourcesBuildPhase;
			buildActionMask = 2147483647;
			files = (
				3749D2EC26F12988007B31DA /* Aleatoire.swift in Sources */,
				3749632626E55F8700B8F8DF /* ControleurSafari.swift in Sources */,
				379E991226D3C77C00468C8C /* AutreLieuSaisieTextField.swift in Sources */,
				379E991426D3CD5700468C8C /* TitreFormAutreLieuText.swift in Sources */,
				37F7084126AF486800F38E80 /* ContentView.swift in Sources */,
				37F7083F26AF486800F38E80 /* PositionUtilisateurApp.swift in Sources */,
				3749D2EA26F12774007B31DA /* VueCapsule.swift in Sources */,
				3749632826E560E900B8F8DF /* VuePopup.swift in Sources */,
				3731516526BEE52800860AA6 /* Ville.swift in Sources */,
				37F7085226AF4A6000F38E80 /* PositionUtilisateur.swift in Sources */,
				37AB7BB326B886B1009F1E89 /* Ressources.swift in Sources */,
				37F7085426AF4B8700F38E80 /* PositionUtilisateurVueModel.swift in Sources */,
				3731516726BEEA6E00860AA6 /* VilleVueModel.swift in Sources */,
				37A6CE2626B5F05D000337CC /* Carte.swift in Sources */,
			);
			runOnlyForDeploymentPostprocessing = 0;
		};
/* End PBXSourcesBuildPhase section */

/* Begin PBXVariantGroup section */
		37B119CE26C1B98300ABA031 /* Localizable.strings */ = {
			isa = PBXVariantGroup;
			children = (
				37B119CD26C1B98300ABA031 /* en */,
				37B119CF26C1B98E00ABA031 /* fr */,
			);
			name = Localizable.strings;
			sourceTree = "<group>";
		};
/* End PBXVariantGroup section */

/* Begin XCBuildConfiguration section */
		37F7084826AF486900F38E80 /* Debug */ = {
			isa = XCBuildConfiguration;
			buildSettings = {
				ALWAYS_SEARCH_USER_PATHS = NO;
				CLANG_ANALYZER_NONNULL = YES;
				CLANG_ANALYZER_NUMBER_OBJECT_CONVERSION = YES_AGGRESSIVE;
				CLANG_CXX_LANGUAGE_STANDARD = "gnu++14";
				CLANG_CXX_LIBRARY = "libc++";
				CLANG_ENABLE_MODULES = YES;
				CLANG_ENABLE_OBJC_ARC = YES;
				CLANG_ENABLE_OBJC_WEAK = YES;
				CLANG_WARN_BLOCK_CAPTURE_AUTORELEASING = YES;
				CLANG_WARN_BOOL_CONVERSION = YES;
				CLANG_WARN_COMMA = YES;
				CLANG_WARN_CONSTANT_CONVERSION = YES;
				CLANG_WARN_DEPRECATED_OBJC_IMPLEMENTATIONS = YES;
				CLANG_WARN_DIRECT_OBJC_ISA_USAGE = YES_ERROR;
				CLANG_WARN_DOCUMENTATION_COMMENTS = YES;
				CLANG_WARN_EMPTY_BODY = YES;
				CLANG_WARN_ENUM_CONVERSION = YES;
				CLANG_WARN_INFINITE_RECURSION = YES;
				CLANG_WARN_INT_CONVERSION = YES;
				CLANG_WARN_NON_LITERAL_NULL_CONVERSION = YES;
				CLANG_WARN_OBJC_IMPLICIT_RETAIN_SELF = YES;
				CLANG_WARN_OBJC_LITERAL_CONVERSION = YES;
				CLANG_WARN_OBJC_ROOT_CLASS = YES_ERROR;
				CLANG_WARN_QUOTED_INCLUDE_IN_FRAMEWORK_HEADER = YES;
				CLANG_WARN_RANGE_LOOP_ANALYSIS = YES;
				CLANG_WARN_STRICT_PROTOTYPES = YES;
				CLANG_WARN_SUSPICIOUS_MOVE = YES;
				CLANG_WARN_UNGUARDED_AVAILABILITY = YES_AGGRESSIVE;
				CLANG_WARN_UNREACHABLE_CODE = YES;
				CLANG_WARN__DUPLICATE_METHOD_MATCH = YES;
				COPY_PHASE_STRIP = NO;
				DEBUG_INFORMATION_FORMAT = dwarf;
				ENABLE_STRICT_OBJC_MSGSEND = YES;
				ENABLE_TESTABILITY = YES;
				GCC_C_LANGUAGE_STANDARD = gnu11;
				GCC_DYNAMIC_NO_PIC = NO;
				GCC_NO_COMMON_BLOCKS = YES;
				GCC_OPTIMIZATION_LEVEL = 0;
				GCC_PREPROCESSOR_DEFINITIONS = (
					"DEBUG=1",
					"$(inherited)",
				);
				GCC_WARN_64_TO_32_BIT_CONVERSION = YES;
				GCC_WARN_ABOUT_RETURN_TYPE = YES_ERROR;
				GCC_WARN_UNDECLARED_SELECTOR = YES;
				GCC_WARN_UNINITIALIZED_AUTOS = YES_AGGRESSIVE;
				GCC_WARN_UNUSED_FUNCTION = YES;
				GCC_WARN_UNUSED_VARIABLE = YES;
				IPHONEOS_DEPLOYMENT_TARGET = 14.5;
				MTL_ENABLE_DEBUG_INFO = INCLUDE_SOURCE;
				MTL_FAST_MATH = YES;
				ONLY_ACTIVE_ARCH = YES;
				SDKROOT = iphoneos;
				SWIFT_ACTIVE_COMPILATION_CONDITIONS = DEBUG;
				SWIFT_OPTIMIZATION_LEVEL = "-Onone";
			};
			name = Debug;
		};
		37F7084926AF486900F38E80 /* Release */ = {
			isa = XCBuildConfiguration;
			buildSettings = {
				ALWAYS_SEARCH_USER_PATHS = NO;
				CLANG_ANALYZER_NONNULL = YES;
				CLANG_ANALYZER_NUMBER_OBJECT_CONVERSION = YES_AGGRESSIVE;
				CLANG_CXX_LANGUAGE_STANDARD = "gnu++14";
				CLANG_CXX_LIBRARY = "libc++";
				CLANG_ENABLE_MODULES = YES;
				CLANG_ENABLE_OBJC_ARC = YES;
				CLANG_ENABLE_OBJC_WEAK = YES;
				CLANG_WARN_BLOCK_CAPTURE_AUTORELEASING = YES;
				CLANG_WARN_BOOL_CONVERSION = YES;
				CLANG_WARN_COMMA = YES;
				CLANG_WARN_CONSTANT_CONVERSION = YES;
				CLANG_WARN_DEPRECATED_OBJC_IMPLEMENTATIONS = YES;
				CLANG_WARN_DIRECT_OBJC_ISA_USAGE = YES_ERROR;
				CLANG_WARN_DOCUMENTATION_COMMENTS = YES;
				CLANG_WARN_EMPTY_BODY = YES;
				CLANG_WARN_ENUM_CONVERSION = YES;
				CLANG_WARN_INFINITE_RECURSION = YES;
				CLANG_WARN_INT_CONVERSION = YES;
				CLANG_WARN_NON_LITERAL_NULL_CONVERSION = YES;
				CLANG_WARN_OBJC_IMPLICIT_RETAIN_SELF = YES;
				CLANG_WARN_OBJC_LITERAL_CONVERSION = YES;
				CLANG_WARN_OBJC_ROOT_CLASS = YES_ERROR;
				CLANG_WARN_QUOTED_INCLUDE_IN_FRAMEWORK_HEADER = YES;
				CLANG_WARN_RANGE_LOOP_ANALYSIS = YES;
				CLANG_WARN_STRICT_PROTOTYPES = YES;
				CLANG_WARN_SUSPICIOUS_MOVE = YES;
				CLANG_WARN_UNGUARDED_AVAILABILITY = YES_AGGRESSIVE;
				CLANG_WARN_UNREACHABLE_CODE = YES;
				CLANG_WARN__DUPLICATE_METHOD_MATCH = YES;
				COPY_PHASE_STRIP = NO;
				DEBUG_INFORMATION_FORMAT = "dwarf-with-dsym";
				ENABLE_NS_ASSERTIONS = NO;
				ENABLE_STRICT_OBJC_MSGSEND = YES;
				GCC_C_LANGUAGE_STANDARD = gnu11;
				GCC_NO_COMMON_BLOCKS = YES;
				GCC_WARN_64_TO_32_BIT_CONVERSION = YES;
				GCC_WARN_ABOUT_RETURN_TYPE = YES_ERROR;
				GCC_WARN_UNDECLARED_SELECTOR = YES;
				GCC_WARN_UNINITIALIZED_AUTOS = YES_AGGRESSIVE;
				GCC_WARN_UNUSED_FUNCTION = YES;
				GCC_WARN_UNUSED_VARIABLE = YES;
				IPHONEOS_DEPLOYMENT_TARGET = 14.5;
				MTL_ENABLE_DEBUG_INFO = NO;
				MTL_FAST_MATH = YES;
				SDKROOT = iphoneos;
				SWIFT_COMPILATION_MODE = wholemodule;
				SWIFT_OPTIMIZATION_LEVEL = "-O";
				VALIDATE_PRODUCT = YES;
			};
			name = Release;
		};
		37F7084B26AF486900F38E80 /* Debug */ = {
			isa = XCBuildConfiguration;
			buildSettings = {
				ASSETCATALOG_COMPILER_APPICON_NAME = AppIcon;
				ASSETCATALOG_COMPILER_GLOBAL_ACCENT_COLOR_NAME = AccentColor;
				CODE_SIGN_STYLE = Automatic;
				DEVELOPMENT_ASSET_PATHS = "\"PositionUtilisateur/Preview Content\"";
				DEVELOPMENT_TEAM = UGQ4YS2NK3;
				ENABLE_PREVIEWS = YES;
				INFOPLIST_FILE = PositionUtilisateur/Info.plist;
				IPHONEOS_DEPLOYMENT_TARGET = 14.0;
				LD_RUNPATH_SEARCH_PATHS = (
					"$(inherited)",
					"@executable_path/Frameworks",
				);
				PRODUCT_BUNDLE_IDENTIFIER = com.titastus.PositionUtilisateur;
				PRODUCT_NAME = "$(TARGET_NAME)";
				SWIFT_VERSION = 5.0;
				TARGETED_DEVICE_FAMILY = "1,2";
			};
			name = Debug;
		};
		37F7084C26AF486900F38E80 /* Release */ = {
			isa = XCBuildConfiguration;
			buildSettings = {
				ASSETCATALOG_COMPILER_APPICON_NAME = AppIcon;
				ASSETCATALOG_COMPILER_GLOBAL_ACCENT_COLOR_NAME = AccentColor;
				CODE_SIGN_STYLE = Automatic;
				DEVELOPMENT_ASSET_PATHS = "\"PositionUtilisateur/Preview Content\"";
				DEVELOPMENT_TEAM = UGQ4YS2NK3;
				ENABLE_PREVIEWS = YES;
				INFOPLIST_FILE = PositionUtilisateur/Info.plist;
				IPHONEOS_DEPLOYMENT_TARGET = 14.0;
				LD_RUNPATH_SEARCH_PATHS = (
					"$(inherited)",
					"@executable_path/Frameworks",
				);
				PRODUCT_BUNDLE_IDENTIFIER = com.titastus.PositionUtilisateur;
				PRODUCT_NAME = "$(TARGET_NAME)";
				SWIFT_VERSION = 5.0;
				TARGETED_DEVICE_FAMILY = "1,2";
			};
			name = Release;
		};
/* End XCBuildConfiguration section */

/* Begin XCConfigurationList section */
		37F7083626AF486800F38E80 /* Build configuration list for PBXProject "PositionUtilisateur" */ = {
			isa = XCConfigurationList;
			buildConfigurations = (
				37F7084826AF486900F38E80 /* Debug */,
				37F7084926AF486900F38E80 /* Release */,
			);
			defaultConfigurationIsVisible = 0;
			defaultConfigurationName = Release;
		};
		37F7084A26AF486900F38E80 /* Build configuration list for PBXNativeTarget "PositionUtilisateur" */ = {
			isa = XCConfigurationList;
			buildConfigurations = (
				37F7084B26AF486900F38E80 /* Debug */,
				37F7084C26AF486900F38E80 /* Release */,
			);
			defaultConfigurationIsVisible = 0;
			defaultConfigurationName = Release;
		};
/* End XCConfigurationList section */
	};
	rootObject = 37F7083326AF486800F38E80 /* Project object */;
}
